<?xml version="1.0" encoding="utf-8"?>
<Project ToolsVersion="4.0" xmlns="http://schemas.microsoft.com/developer/msbuild/2003">
  <ItemGroup>
    <Filter Include="Source Files">
      <UniqueIdentifier>{a3d7be97-b895-4972-8a0f-032c541d5b90}</UniqueIdentifier>
      <Extensions>cpp;c;cxx;def;odl;idl;hpj;bat;asm</Extensions>
    </Filter>
    <Filter Include="Source Files\uCodes">
      <UniqueIdentifier>{02a72443-4d4b-4310-b20d-a4c8dbe2e81b}</UniqueIdentifier>
    </Filter>
    <Filter Include="Source Files\Combiners">
      <UniqueIdentifier>{b276891d-4bf0-4b2f-96e8-d8d61caa19d3}</UniqueIdentifier>
    </Filter>
    <Filter Include="Header Files">
      <UniqueIdentifier>{cd8eb31c-6b7d-4d38-8ddf-828dddd0dd79}</UniqueIdentifier>
      <Extensions>h;hpp;hxx;hm;inl;inc</Extensions>
    </Filter>
    <Filter Include="Header Files\uCodes">
      <UniqueIdentifier>{6a54d184-3c96-4021-9f1d-a822a4ac4727}</UniqueIdentifier>
    </Filter>
    <Filter Include="Header Files\Combiners">
      <UniqueIdentifier>{5d51fa37-f09f-47a9-8cef-e3b46e77a996}</UniqueIdentifier>
    </Filter>
    <Filter Include="Resource Files">
      <UniqueIdentifier>{89846b8d-ab16-4fc3-9059-9b4458b2fa46}</UniqueIdentifier>
      <Extensions>rc;ico;cur;bmp;dlg;rc2;rct;bin;rgs;gif;jpg;jpeg;jpe</Extensions>
    </Filter>
  </ItemGroup>
  <ItemGroup>
    <ClCompile Include="2xSAI.cpp">
      <Filter>Source Files</Filter>
    </ClCompile>
    <ClCompile Include="CRC.cpp">
      <Filter>Source Files</Filter>
    </ClCompile>
    <ClCompile Include="Combiner.cpp">
      <Filter>Source Files</Filter>
    </ClCompile>
    <ClCompile Include="Config.cpp">
      <Filter>Source Files</Filter>
    </ClCompile>
    <ClCompile Include="Debug.cpp">
      <Filter>Source Files</Filter>
    </ClCompile>
    <ClCompile Include="DepthBuffer.cpp">
      <Filter>Source Files</Filter>
    </ClCompile>
    <ClCompile Include="FrameBuffer.cpp">
      <Filter>Source Files</Filter>
    </ClCompile>
    <ClCompile Include="GBI.cpp">
      <Filter>Source Files</Filter>
    </ClCompile>
    <ClCompile Include="N64.cpp">
      <Filter>Source Files</Filter>
    </ClCompile>
    <ClCompile Include="OpenGL.cpp">
      <Filter>Source Files</Filter>
    </ClCompile>
    <ClCompile Include="RDP.CPP">
      <Filter>Source Files</Filter>
    </ClCompile>
    <ClCompile Include="RSP.cpp">
      <Filter>Source Files</Filter>
    </ClCompile>
    <ClCompile Include="Textures.cpp">
      <Filter>Source Files</Filter>
    </ClCompile>
    <ClCompile Include="VI.cpp">
      <Filter>Source Files</Filter>
    </ClCompile>
    <ClCompile Include="gDP.cpp">
      <Filter>Source Files</Filter>
    </ClCompile>
    <ClCompile Include="gSP.cpp">
      <Filter>Source Files</Filter>
    </ClCompile>
    <ClCompile Include="glN64.cpp">
      <Filter>Source Files</Filter>
    </ClCompile>
    <ClCompile Include="F3D.cpp">
      <Filter>Source Files\uCodes</Filter>
    </ClCompile>
    <ClCompile Include="F3DDKR.cpp">
      <Filter>Source Files\uCodes</Filter>
    </ClCompile>
    <ClCompile Include="F3DEX.cpp">
      <Filter>Source Files\uCodes</Filter>
    </ClCompile>
    <ClCompile Include="F3DEX2.cpp">
      <Filter>Source Files\uCodes</Filter>
    </ClCompile>
    <ClCompile Include="F3DPD.cpp">
      <Filter>Source Files\uCodes</Filter>
    </ClCompile>
    <ClCompile Include="F3DWRUS.cpp">
      <Filter>Source Files\uCodes</Filter>
    </ClCompile>
    <ClCompile Include="L3D.cpp">
      <Filter>Source Files\uCodes</Filter>
    </ClCompile>
    <ClCompile Include="L3DEX.cpp">
      <Filter>Source Files\uCodes</Filter>
    </ClCompile>
    <ClCompile Include="L3DEX2.cpp">
      <Filter>Source Files\uCodes</Filter>
    </ClCompile>
    <ClCompile Include="S2DEX.cpp">
      <Filter>Source Files\uCodes</Filter>
    </ClCompile>
    <ClCompile Include="S2DEX2.cpp">
      <Filter>Source Files\uCodes</Filter>
    </ClCompile>
    <ClCompile Include="NV_register_combiners.cpp">
      <Filter>Source Files\Combiners</Filter>
    </ClCompile>
    <ClCompile Include="texture_env.cpp">
      <Filter>Source Files\Combiners</Filter>
    </ClCompile>
    <ClCompile Include="texture_env_combine.cpp">
      <Filter>Source Files\Combiners</Filter>
    </ClCompile>
  </ItemGroup>
  <ItemGroup>
    <ClInclude Include="2xSAI.h">
      <Filter>Header Files</Filter>
    </ClInclude>
    <ClInclude Include="3DMath.h">
      <Filter>Header Files</Filter>
    </ClInclude>
    <ClInclude Include="CRC.h">
      <Filter>Header Files</Filter>
    </ClInclude>
    <ClInclude Include="Combiner.h">
      <Filter>Header Files</Filter>
    </ClInclude>
    <ClInclude Include="Config.h">
      <Filter>Header Files</Filter>
    </ClInclude>
    <ClInclude Include="Debug.h">
      <Filter>Header Files</Filter>
    </ClInclude>
    <ClInclude Include="DepthBuffer.h">
      <Filter>Header Files</Filter>
    </ClInclude>
    <ClInclude Include="FrameBuffer.h">
      <Filter>Header Files</Filter>
    </ClInclude>
    <ClInclude Include="GBI.h">
      <Filter>Header Files</Filter>
    </ClInclude>
    <ClInclude Include="N64.h">
      <Filter>Header Files</Filter>
    </ClInclude>
    <ClInclude Include="OpenGL.h">
      <Filter>Header Files</Filter>
    </ClInclude>
    <ClInclude Include="RDP.h">
      <Filter>Header Files</Filter>
    </ClInclude>
    <ClInclude Include="RSP.h">
      <Filter>Header Files</Filter>
    </ClInclude>
    <ClInclude Include="Textures.h">
      <Filter>Header Files</Filter>
    </ClInclude>
    <ClInclude Include="Types.h">
      <Filter>Header Files</Filter>
    </ClInclude>
    <ClInclude Include="VI.h">
      <Filter>Header Files</Filter>
    </ClInclude>
    <ClInclude Include="Zilmar GFX 1.3.h">
      <Filter>Header Files</Filter>
    </ClInclude>
    <ClInclude Include="convert.h">
      <Filter>Header Files</Filter>
    </ClInclude>
    <ClInclude Include="gDP.h">
      <Filter>Header Files</Filter>
    </ClInclude>
    <ClInclude Include="gSP.h">
      <Filter>Header Files</Filter>
    </ClInclude>
    <ClInclude Include="glATI.h">
      <Filter>Header Files</Filter>
    </ClInclude>
    <ClInclude Include="glN64.h">
      <Filter>Header Files</Filter>
    </ClInclude>
    <ClInclude Include="glext.h">
      <Filter>Header Files</Filter>
    </ClInclude>
    <ClInclude Include="resource.h">
      <Filter>Header Files</Filter>
    </ClInclude>
    <ClInclude Include="wglext.h">
      <Filter>Header Files</Filter>
    </ClInclude>
    <ClInclude Include="F3D.h">
      <Filter>Header Files\uCodes</Filter>
    </ClInclude>
    <ClInclude Include="F3DDKR.h">
      <Filter>Header Files\uCodes</Filter>
    </ClInclude>
    <ClInclude Include="F3DEX.h">
      <Filter>Header Files\uCodes</Filter>
    </ClInclude>
    <ClInclude Include="F3DEX2.h">
      <Filter>Header Files\uCodes</Filter>
    </ClInclude>
    <ClInclude Include="F3DPD.h">
      <Filter>Header Files\uCodes</Filter>
    </ClInclude>
    <ClInclude Include="F3DWRUS.h">
      <Filter>Header Files\uCodes</Filter>
    </ClInclude>
    <ClInclude Include="L3D.h">
      <Filter>Header Files\uCodes</Filter>
    </ClInclude>
    <ClInclude Include="L3DEX.h">
      <Filter>Header Files\uCodes</Filter>
    </ClInclude>
    <ClInclude Include="L3DEX2.h">
      <Filter>Header Files\uCodes</Filter>
    </ClInclude>
    <ClInclude Include="S2DEX.h">
      <Filter>Header Files\uCodes</Filter>
    </ClInclude>
    <ClInclude Include="S2DEX2.h">
      <Filter>Header Files\uCodes</Filter>
    </ClInclude>
    <ClInclude Include="NV_register_combiners.h">
      <Filter>Header Files\Combiners</Filter>
    </ClInclude>
    <ClInclude Include="texture_env.h">
      <Filter>Header Files\Combiners</Filter>
    </ClInclude>
    <ClInclude Include="texture_env_combine.h">
      <Filter>Header Files\Combiners</Filter>
    </ClInclude>
  </ItemGroup>
  <ItemGroup>
    <ResourceCompile Include="Resource.rc">
      <Filter>Resource Files</Filter>
    </ResourceCompile>
  </ItemGroup>
</Project>